
Microsoft Visual Studio Solution File, Format Version 12.00
# Visual Studio 15
VisualStudioVersion = 15.0.26124.0
MinimumVisualStudioVersion = 15.0.26124.0
Project("{FAE04EC0-301F-11D3-BF4B-00C04F79EFBC}") = "application", "Api.Application\application.csproj", "{2BA9897D-6ED1-4857-B578-A4C4AC62C970}"
EndProject
Project("{FAE04EC0-301F-11D3-BF4B-00C04F79EFBC}") = "Domain", "Api.Domain\Domain.csproj", "{2CCF9A40-5F38-4EF8-9A39-2AB343BBCA2D}"
EndProject
Project("{FAE04EC0-301F-11D3-BF4B-00C04F79EFBC}") = "CrossCutting", "Api.CrossCutting\CrossCutting.csproj", "{14902B60-B46D-48D3-9DD0-92990697273B}"
EndProject
Project("{FAE04EC0-301F-11D3-BF4B-00C04F79EFBC}") = "Data", "Api.Data\Data.csproj", "{BE5FEF7D-4274-4A79-8B1E-4DFB01784B73}"
EndProject
Project("{FAE04EC0-301F-11D3-BF4B-00C04F79EFBC}") = "Service", "Api.Service\Service.csproj", "{BF97FF4E-E31A-4773-B794-8A662DE7ACCF}"
EndProject
Project("{FAE04EC0-301F-11D3-BF4B-00C04F79EFBC}") = "Api.Service.Test", "Api.Service.Test\Api.Service.Test.csproj", "{347283EF-B65D-4B7F-B297-78C81FA30949}"
EndProject
Project("{FAE04EC0-301F-11D3-BF4B-00C04F79EFBC}") = "Api.Data.Test", "Api.Data.Test\Api.Data.Test.csproj", "{E0E702E1-7DF8-4CDB-90F4-1AFCD49D3C0C}"
EndProject
Global
	GlobalSection(SolutionConfigurationPlatforms) = preSolution
		Debug|Any CPU = Debug|Any CPU
		Debug|x64 = Debug|x64
		Debug|x86 = Debug|x86
		Release|Any CPU = Release|Any CPU
		Release|x64 = Release|x64
		Release|x86 = Release|x86
	EndGlobalSection
	GlobalSection(SolutionProperties) = preSolution
		HideSolutionNode = FALSE
	EndGlobalSection
	GlobalSection(ProjectConfigurationPlatforms) = postSolution
		{2BA9897D-6ED1-4857-B578-A4C4AC62C970}.Debug|Any CPU.ActiveCfg = Debug|Any CPU
		{2BA9897D-6ED1-4857-B578-A4C4AC62C970}.Debug|Any CPU.Build.0 = Debug|Any CPU
		{2BA9897D-6ED1-4857-B578-A4C4AC62C970}.Debug|x64.ActiveCfg = Debug|Any CPU
		{2BA9897D-6ED1-4857-B578-A4C4AC62C970}.Debug|x64.Build.0 = Debug|Any CPU
		{2BA9897D-6ED1-4857-B578-A4C4AC62C970}.Debug|x86.ActiveCfg = Debug|Any CPU
		{2BA9897D-6ED1-4857-B578-A4C4AC62C970}.Debug|x86.Build.0 = Debug|Any CPU
		{2BA9897D-6ED1-4857-B578-A4C4AC62C970}.Release|Any CPU.ActiveCfg = Release|Any CPU
		{2BA9897D-6ED1-4857-B578-A4C4AC62C970}.Release|Any CPU.Build.0 = Release|Any CPU
		{2BA9897D-6ED1-4857-B578-A4C4AC62C970}.Release|x64.ActiveCfg = Release|Any CPU
		{2BA9897D-6ED1-4857-B578-A4C4AC62C970}.Release|x64.Build.0 = Release|Any CPU
		{2BA9897D-6ED1-4857-B578-A4C4AC62C970}.Release|x86.ActiveCfg = Release|Any CPU
		{2BA9897D-6ED1-4857-B578-A4C4AC62C970}.Release|x86.Build.0 = Release|Any CPU
		{2CCF9A40-5F38-4EF8-9A39-2AB343BBCA2D}.Debug|Any CPU.ActiveCfg = Debug|Any CPU
		{2CCF9A40-5F38-4EF8-9A39-2AB343BBCA2D}.Debug|Any CPU.Build.0 = Debug|Any CPU
		{2CCF9A40-5F38-4EF8-9A39-2AB343BBCA2D}.Debug|x64.ActiveCfg = Debug|Any CPU
		{2CCF9A40-5F38-4EF8-9A39-2AB343BBCA2D}.Debug|x64.Build.0 = Debug|Any CPU
		{2CCF9A40-5F38-4EF8-9A39-2AB343BBCA2D}.Debug|x86.ActiveCfg = Debug|Any CPU
		{2CCF9A40-5F38-4EF8-9A39-2AB343BBCA2D}.Debug|x86.Build.0 = Debug|Any CPU
		{2CCF9A40-5F38-4EF8-9A39-2AB343BBCA2D}.Release|Any CPU.ActiveCfg = Release|Any CPU
		{2CCF9A40-5F38-4EF8-9A39-2AB343BBCA2D}.Release|Any CPU.Build.0 = Release|Any CPU
		{2CCF9A40-5F38-4EF8-9A39-2AB343BBCA2D}.Release|x64.ActiveCfg = Release|Any CPU
		{2CCF9A40-5F38-4EF8-9A39-2AB343BBCA2D}.Release|x64.Build.0 = Release|Any CPU
		{2CCF9A40-5F38-4EF8-9A39-2AB343BBCA2D}.Release|x86.ActiveCfg = Release|Any CPU
		{2CCF9A40-5F38-4EF8-9A39-2AB343BBCA2D}.Release|x86.Build.0 = Release|Any CPU
		{14902B60-B46D-48D3-9DD0-92990697273B}.Debug|Any CPU.ActiveCfg = Debug|Any CPU
		{14902B60-B46D-48D3-9DD0-92990697273B}.Debug|Any CPU.Build.0 = Debug|Any CPU
		{14902B60-B46D-48D3-9DD0-92990697273B}.Debug|x64.ActiveCfg = Debug|Any CPU
		{14902B60-B46D-48D3-9DD0-92990697273B}.Debug|x64.Build.0 = Debug|Any CPU
		{14902B60-B46D-48D3-9DD0-92990697273B}.Debug|x86.ActiveCfg = Debug|Any CPU
		{14902B60-B46D-48D3-9DD0-92990697273B}.Debug|x86.Build.0 = Debug|Any CPU
		{14902B60-B46D-48D3-9DD0-92990697273B}.Release|Any CPU.ActiveCfg = Release|Any CPU
		{14902B60-B46D-48D3-9DD0-92990697273B}.Release|Any CPU.Build.0 = Release|Any CPU
		{14902B60-B46D-48D3-9DD0-92990697273B}.Release|x64.ActiveCfg = Release|Any CPU
		{14902B60-B46D-48D3-9DD0-92990697273B}.Release|x64.Build.0 = Release|Any CPU
		{14902B60-B46D-48D3-9DD0-92990697273B}.Release|x86.ActiveCfg = Release|Any CPU
		{14902B60-B46D-48D3-9DD0-92990697273B}.Release|x86.Build.0 = Release|Any CPU
		{BE5FEF7D-4274-4A79-8B1E-4DFB01784B73}.Debug|Any CPU.ActiveCfg = Debug|Any CPU
		{BE5FEF7D-4274-4A79-8B1E-4DFB01784B73}.Debug|Any CPU.Build.0 = Debug|Any CPU
		{BE5FEF7D-4274-4A79-8B1E-4DFB01784B73}.Debug|x64.ActiveCfg = Debug|Any CPU
		{BE5FEF7D-4274-4A79-8B1E-4DFB01784B73}.Debug|x64.Build.0 = Debug|Any CPU
		{BE5FEF7D-4274-4A79-8B1E-4DFB01784B73}.Debug|x86.ActiveCfg = Debug|Any CPU
		{BE5FEF7D-4274-4A79-8B1E-4DFB01784B73}.Debug|x86.Build.0 = Debug|Any CPU
		{BE5FEF7D-4274-4A79-8B1E-4DFB01784B73}.Release|Any CPU.ActiveCfg = Release|Any CPU
		{BE5FEF7D-4274-4A79-8B1E-4DFB01784B73}.Release|Any CPU.Build.0 = Release|Any CPU
		{BE5FEF7D-4274-4A79-8B1E-4DFB01784B73}.Release|x64.ActiveCfg = Release|Any CPU
		{BE5FEF7D-4274-4A79-8B1E-4DFB01784B73}.Release|x64.Build.0 = Release|Any CPU
		{BE5FEF7D-4274-4A79-8B1E-4DFB01784B73}.Release|x86.ActiveCfg = Release|Any CPU
		{BE5FEF7D-4274-4A79-8B1E-4DFB01784B73}.Release|x86.Build.0 = Release|Any CPU
		{BF97FF4E-E31A-4773-B794-8A662DE7ACCF}.Debug|Any CPU.ActiveCfg = Debug|Any CPU
		{BF97FF4E-E31A-4773-B794-8A662DE7ACCF}.Debug|Any CPU.Build.0 = Debug|Any CPU
		{BF97FF4E-E31A-4773-B794-8A662DE7ACCF}.Debug|x64.ActiveCfg = Debug|Any CPU
		{BF97FF4E-E31A-4773-B794-8A662DE7ACCF}.Debug|x64.Build.0 = Debug|Any CPU
		{BF97FF4E-E31A-4773-B794-8A662DE7ACCF}.Debug|x86.ActiveCfg = Debug|Any CPU
		{BF97FF4E-E31A-4773-B794-8A662DE7ACCF}.Debug|x86.Build.0 = Debug|Any CPU
		{BF97FF4E-E31A-4773-B794-8A662DE7ACCF}.Release|Any CPU.ActiveCfg = Release|Any CPU
		{BF97FF4E-E31A-4773-B794-8A662DE7ACCF}.Release|Any CPU.Build.0 = Release|Any CPU
		{BF97FF4E-E31A-4773-B794-8A662DE7ACCF}.Release|x64.ActiveCfg = Release|Any CPU
		{BF97FF4E-E31A-4773-B794-8A662DE7ACCF}.Release|x64.Build.0 = Release|Any CPU
		{BF97FF4E-E31A-4773-B794-8A662DE7ACCF}.Release|x86.ActiveCfg = Release|Any CPU
		{BF97FF4E-E31A-4773-B794-8A662DE7ACCF}.Release|x86.Build.0 = Release|Any CPU
		{347283EF-B65D-4B7F-B297-78C81FA30949}.Debug|Any CPU.ActiveCfg = Debug|Any CPU
		{347283EF-B65D-4B7F-B297-78C81FA30949}.Debug|Any CPU.Build.0 = Debug|Any CPU
		{347283EF-B65D-4B7F-B297-78C81FA30949}.Debug|x64.ActiveCfg = Debug|Any CPU
		{347283EF-B65D-4B7F-B297-78C81FA30949}.Debug|x64.Build.0 = Debug|Any CPU
		{347283EF-B65D-4B7F-B297-78C81FA30949}.Debug|x86.ActiveCfg = Debug|Any CPU
		{347283EF-B65D-4B7F-B297-78C81FA30949}.Debug|x86.Build.0 = Debug|Any CPU
		{347283EF-B65D-4B7F-B297-78C81FA30949}.Release|Any CPU.ActiveCfg = Release|Any CPU
		{347283EF-B65D-4B7F-B297-78C81FA30949}.Release|Any CPU.Build.0 = Release|Any CPU
		{347283EF-B65D-4B7F-B297-78C81FA30949}.Release|x64.ActiveCfg = Release|Any CPU
		{347283EF-B65D-4B7F-B297-78C81FA30949}.Release|x64.Build.0 = Release|Any CPU
		{347283EF-B65D-4B7F-B297-78C81FA30949}.Release|x86.ActiveCfg = Release|Any CPU
		{347283EF-B65D-4B7F-B297-78C81FA30949}.Release|x86.Build.0 = Release|Any CPU
		{E0E702E1-7DF8-4CDB-90F4-1AFCD49D3C0C}.Debug|Any CPU.ActiveCfg = Debug|Any CPU
		{E0E702E1-7DF8-4CDB-90F4-1AFCD49D3C0C}.Debug|Any CPU.Build.0 = Debug|Any CPU
		{E0E702E1-7DF8-4CDB-90F4-1AFCD49D3C0C}.Debug|x64.ActiveCfg = Debug|Any CPU
		{E0E702E1-7DF8-4CDB-90F4-1AFCD49D3C0C}.Debug|x64.Build.0 = Debug|Any CPU
		{E0E702E1-7DF8-4CDB-90F4-1AFCD49D3C0C}.Debug|x86.ActiveCfg = Debug|Any CPU
		{E0E702E1-7DF8-4CDB-90F4-1AFCD49D3C0C}.Debug|x86.Build.0 = Debug|Any CPU
		{E0E702E1-7DF8-4CDB-90F4-1AFCD49D3C0C}.Release|Any CPU.ActiveCfg = Release|Any CPU
		{E0E702E1-7DF8-4CDB-90F4-1AFCD49D3C0C}.Release|Any CPU.Build.0 = Release|Any CPU
		{E0E702E1-7DF8-4CDB-90F4-1AFCD49D3C0C}.Release|x64.ActiveCfg = Release|Any CPU
		{E0E702E1-7DF8-4CDB-90F4-1AFCD49D3C0C}.Release|x64.Build.0 = Release|Any CPU
		{E0E702E1-7DF8-4CDB-90F4-1AFCD49D3C0C}.Release|x86.ActiveCfg = Release|Any CPU
		{E0E702E1-7DF8-4CDB-90F4-1AFCD49D3C0C}.Release|x86.Build.0 = Release|Any CPU
	EndGlobalSection
EndGlobal
